mrp_hash: d1460d7c712496053b6d1588378b40ee52785bcf86347d4e182939a2e436ffa0
mrp_sealed_at: '2025-12-27T22:43:14.887360'
plan_hash: 7160bf338423a3286c3116b58f50bc2ab0dd849f95e32e756376aca24defa267
plan_sealed_at: '2025-12-27T22:43:14.778826'
req_hash: cef05d099021e03f4f5bf00290cc3df25c16b145b418380207168e7cbb1b90e5
req_sealed_at: '2025-12-27T22:43:14.506297'
specs_hash: 2b941bbc7822317dd5dfaa07b12ca4067193ea6e317c57e5d32f7466fe940d82
specs_sealed_at: '2025-12-27T22:43:14.645918'
