plan_hash: 2395238392e0d2e77bf00a7ec467ac9d72b2e37a9c8253e6eeeff5e4c406e557
plan_sealed_at: '2026-01-04T00:55:00.176395'
req_hash: d6f5d2c84446324b6b936d08b2d3437530b96f2d7300bcd56f997e3556c800c2
req_sealed_at: '2026-01-04T00:54:49.300230'
specs_hash: 0ef87d94277e6e70be5e02e774a53277ef067db06148f7c8d4823c85c84499f7
specs_sealed_at: '2026-01-04T00:54:54.892642'
