mrp_hash: 817d08885e5122dc75fbc06d7d75bd7a12180ad973d18fba727dd9128edc79c5
mrp_sealed_at: '2025-12-28T23:42:20.878799'
plan_hash: f00564af6c9bb8e541ffde64e80d3ffd694c78eea12712b25df65103bc3bee1f
plan_sealed_at: '2025-12-28T23:20:31.323371'
req_hash: 22b638bd8f25d50b52a31f21ad12df2927aad858bcf7c1faf4edbffd90c35dbd
req_sealed_at: '2025-12-28T23:11:58.542619'
specs_hash: 03420137f396a54484fc800bcccf9d9d8616ece0d714b2e9a4fe2e5e81c10599
specs_sealed_at: '2025-12-28T23:14:23.441505'
