mrp_hash: e78b75d8c1d9af725e8a0a5ab27c153076ac37dccdee530018301ec07ac9fc0f
mrp_sealed_at: '2025-12-27T22:42:30.672750'
plan_hash: 57ce67afaf8bdae7e5deff7011ae7947ceda4bbf9bf2cf14d201d9372b77a81a
plan_sealed_at: '2025-12-27T22:42:30.539710'
req_hash: 470fd093561e1ee055be76daf66aae20e383b5b4edaf5bf96a83964eede27e35
req_sealed_at: '2025-12-27T22:42:30.290016'
specs_hash: 64dbb67b6fd463da8d76b4704a47b502fdf9aa4e20b6edc1f745adb2d33638ce
specs_sealed_at: '2025-12-27T22:42:30.420952'
