mrp_hash: 806e60e2f95c6b0c3969dc645fcd6934cfa909dde8fb6ceb2124110351169329
mrp_sealed_at: '2025-12-27T22:23:01.271553'
plan_hash: 17a2f7df66317b4a17fc21bbd9c20e7689aefe3f95c7857d974c179789e44b3a
plan_sealed_at: '2025-12-27T22:13:39.864354'
req_hash: b0e0c3539f825b713b907be2313dce7e142a0236ece552e85ed29cb593cfe58b
req_sealed_at: '2025-12-27T22:13:26.941785'
specs_hash: 8bdae32e7e9842ed30bf2d78e3458db74c8f8b780ff77d65e4e6669ed5470235
specs_sealed_at: '2025-12-27T22:13:39.736643'
