mrp_hash: ad0ce56d639db00bdf3a30a06c53a5502c680d58768577de4d82f357eb87d1c5
mrp_sealed_at: '2025-12-27T22:29:53.813561'
plan_hash: 4ea34ec3d5b8583dda6e5c082d6cb024a06d7fb72afb50bd08b8296b3bc8f68d
plan_sealed_at: '2025-12-27T22:29:53.688248'
req_hash: e58053e919edddcea0dd8fd511eadbd2ad765cdfad6ce83b3f9cf98d285c3e85
req_sealed_at: '2025-12-27T22:29:53.405929'
specs_hash: a49ea91cfd62be8198bc062efa2e5787f348f290a84354e32e541701c20c09ac
specs_sealed_at: '2025-12-27T22:29:53.548057'
