mrp_hash: d1460d7c712496053b6d1588378b40ee52785bcf86347d4e182939a2e436ffa0
mrp_sealed_at: '2025-12-27T00:28:08.706432'
plan_hash: d9e7b20735f1d668b9b479af0bb805580ee41567811d4841081e18e1ece99ecf
plan_sealed_at: '2025-12-27T00:07:48.088723'
specs_hash: 2b941bbc7822317dd5dfaa07b12ca4067193ea6e317c57e5d32f7466fe940d82
specs_sealed_at: '2025-12-27T00:07:27.213261'
