mrp_hash: edcf7b3783487b416e8117dbe87fe651eecb019c345af959cc937c0793bb6c3f
mrp_sealed_at: '2025-12-27T22:15:18.553997'
plan_hash: 676aba852bc810aaf07cbb64267a9a8d59e597ce192af2b3f32226adfe6c4ca2
plan_sealed_at: '2025-12-27T22:15:18.433563'
req_hash: bcb0e6fb4b3efca02ab98b04203d3b0eff6a3cb562063f866a1061159b35278d
req_sealed_at: '2025-12-27T22:15:18.077844'
specs_hash: 2c35508b7a41d4d2b4d96c9132e5462337f91dbaa6e77327b58e0d12f50d57ec
specs_sealed_at: '2025-12-27T22:15:18.283021'
