mrp_hash: 598b0e2bd90fbb249d56e5a797074d0dad129f40bd470456a4ec5c1c3c63e115
mrp_sealed_at: '2026-01-03T23:53:07.037760'
plan_hash: c78e68294442903ded67770fddf9b0ea5193f8a32da243b06f43f87b3487fd3e
plan_sealed_at: '2026-01-03T23:05:16.013309'
req_hash: 706329c20b5d39e6f65b1b7924319e05b85f06f11f5eda101a260195196138df
req_sealed_at: '2026-01-03T23:05:04.444163'
specs_hash: b3677dbeb93cf976e4245805136f543394e9e428cbabfff8eecae24d3c6e589b
specs_sealed_at: '2026-01-03T23:05:10.514679'
