plan_hash: 0f8c4af09a18ac611a83fa991b3cfa600c9b2c89235306dad04d06110ebc986d
plan_sealed_at: '2026-01-03T23:57:11.457439'
req_hash: 13306d341fbea8d5ff62a0a8f3b3b9f8d7d2b9380516903e5b337f2411921b97
req_sealed_at: '2026-01-03T23:56:53.048811'
specs_hash: cfb1dc7590faffd54815ec0cc3f2d7cb95f1bf88ac6c0b474afdaee08e28818d
specs_sealed_at: '2026-01-03T23:57:06.179234'
